
Microsoft Visual Studio Solution File, Format Version 12.00
# Visual Studio Version 17
VisualStudioVersion = 17.12.35527.113 d17.12
MinimumVisualStudioVersion = 10.0.40219.1
Project("{FAE04EC0-301F-11D3-BF4B-00C04F79EFBC}") = "Modul1", "Modul1\Modul1.csproj", "{89D70499-76A5-4469-A36D-C8A480DA9A50}"
EndProject
Project("{FAE04EC0-301F-11D3-BF4B-00C04F79EFBC}") = "Modul2", "..\Modul2\Modul2\Modul2.csproj", "{35DBF9D9-23C1-4708-90A2-51FA220EB153}"
EndProject
Project("{FAE04EC0-301F-11D3-BF4B-00C04F79EFBC}") = "Modul3", "..\Modul3\Modul3\Modul3.csproj", "{A49B2DCF-6C50-493F-9CAA-726361B90329}"
EndProject
Project("{FAE04EC0-301F-11D3-BF4B-00C04F79EFBC}") = "Modul4", "..\Modul4\Modul4.csproj", "{D7E4B143-803E-4E03-921C-B63FDEDA1266}"
EndProject
Project("{FAE04EC0-301F-11D3-BF4B-00C04F79EFBC}") = "Modul5", "..\Modul5\Modul5.csproj", "{862BE5CD-D6B0-439E-8D3D-14F4E9C06506}"
EndProject
Global
	GlobalSection(SolutionConfigurationPlatforms) = preSolution
		Debug|Any CPU = Debug|Any CPU
		Release|Any CPU = Release|Any CPU
	EndGlobalSection
	GlobalSection(ProjectConfigurationPlatforms) = postSolution
		{89D70499-76A5-4469-A36D-C8A480DA9A50}.Debug|Any CPU.ActiveCfg = Debug|Any CPU
		{89D70499-76A5-4469-A36D-C8A480DA9A50}.Debug|Any CPU.Build.0 = Debug|Any CPU
		{89D70499-76A5-4469-A36D-C8A480DA9A50}.Release|Any CPU.ActiveCfg = Release|Any CPU
		{89D70499-76A5-4469-A36D-C8A480DA9A50}.Release|Any CPU.Build.0 = Release|Any CPU
		{35DBF9D9-23C1-4708-90A2-51FA220EB153}.Debug|Any CPU.ActiveCfg = Debug|Any CPU
		{35DBF9D9-23C1-4708-90A2-51FA220EB153}.Debug|Any CPU.Build.0 = Debug|Any CPU
		{35DBF9D9-23C1-4708-90A2-51FA220EB153}.Release|Any CPU.ActiveCfg = Release|Any CPU
		{35DBF9D9-23C1-4708-90A2-51FA220EB153}.Release|Any CPU.Build.0 = Release|Any CPU
		{A49B2DCF-6C50-493F-9CAA-726361B90329}.Debug|Any CPU.ActiveCfg = Debug|Any CPU
		{A49B2DCF-6C50-493F-9CAA-726361B90329}.Debug|Any CPU.Build.0 = Debug|Any CPU
		{A49B2DCF-6C50-493F-9CAA-726361B90329}.Release|Any CPU.ActiveCfg = Release|Any CPU
		{A49B2DCF-6C50-493F-9CAA-726361B90329}.Release|Any CPU.Build.0 = Release|Any CPU
		{D7E4B143-803E-4E03-921C-B63FDEDA1266}.Debug|Any CPU.ActiveCfg = Debug|Any CPU
		{D7E4B143-803E-4E03-921C-B63FDEDA1266}.Debug|Any CPU.Build.0 = Debug|Any CPU
		{D7E4B143-803E-4E03-921C-B63FDEDA1266}.Release|Any CPU.ActiveCfg = Release|Any CPU
		{D7E4B143-803E-4E03-921C-B63FDEDA1266}.Release|Any CPU.Build.0 = Release|Any CPU
		{862BE5CD-D6B0-439E-8D3D-14F4E9C06506}.Debug|Any CPU.ActiveCfg = Debug|Any CPU
		{862BE5CD-D6B0-439E-8D3D-14F4E9C06506}.Debug|Any CPU.Build.0 = Debug|Any CPU
		{862BE5CD-D6B0-439E-8D3D-14F4E9C06506}.Release|Any CPU.ActiveCfg = Release|Any CPU
		{862BE5CD-D6B0-439E-8D3D-14F4E9C06506}.Release|Any CPU.Build.0 = Release|Any CPU
	EndGlobalSection
	GlobalSection(SolutionProperties) = preSolution
		HideSolutionNode = FALSE
	EndGlobalSection
EndGlobal
